
Microsoft Visual Studio Solution File, Format Version 12.00
# Visual Studio Version 17
VisualStudioVersion = 17.12.35527.113
MinimumVisualStudioVersion = 10.0.40219.1
Project("{FAE04EC0-301F-11D3-BF4B-00C04F79EFBC}") = "RMF_Server", "RMF-Server\RMF_Server.csproj", "{025DAA00-DC26-4E36-BB4F-2552741E59C9}"
EndProject
Project("{FAE04EC0-301F-11D3-BF4B-00C04F79EFBC}") = "RMF-Packets.Shared", "FMF-Packets.Shared\RMF-Packets.Shared.csproj", "{55CD6039-82B3-4015-BA82-F0D657506FAD}"
EndProject
Global
	GlobalSection(SolutionConfigurationPlatforms) = preSolution
		Debug|Any CPU = Debug|Any CPU
		Release|Any CPU = Release|Any CPU
	EndGlobalSection
	GlobalSection(ProjectConfigurationPlatforms) = postSolution
		{025DAA00-DC26-4E36-BB4F-2552741E59C9}.Debug|Any CPU.ActiveCfg = Debug|Any CPU
		{025DAA00-DC26-4E36-BB4F-2552741E59C9}.Debug|Any CPU.Build.0 = Debug|Any CPU
		{025DAA00-DC26-4E36-BB4F-2552741E59C9}.Release|Any CPU.ActiveCfg = Release|Any CPU
		{025DAA00-DC26-4E36-BB4F-2552741E59C9}.Release|Any CPU.Build.0 = Release|Any CPU
		{55CD6039-82B3-4015-BA82-F0D657506FAD}.Debug|Any CPU.ActiveCfg = Debug|Any CPU
		{55CD6039-82B3-4015-BA82-F0D657506FAD}.Debug|Any CPU.Build.0 = Debug|Any CPU
		{55CD6039-82B3-4015-BA82-F0D657506FAD}.Release|Any CPU.ActiveCfg = Release|Any CPU
		{55CD6039-82B3-4015-BA82-F0D657506FAD}.Release|Any CPU.Build.0 = Release|Any CPU
	EndGlobalSection
	GlobalSection(SolutionProperties) = preSolution
		HideSolutionNode = FALSE
	EndGlobalSection
EndGlobal
